
Microsoft Visual Studio Solution File, Format Version 12.00
# Visual Studio Version 16
VisualStudioVersion = 16.0.30413.136
MinimumVisualStudioVersion = 10.0.40219.1
Project("{8BC9CEB8-8B4A-11D0-8D11-00A0C91BC942}") = "Квадратное_Уравнение", "Квадратное_Уравнение\Квадратное_Уравнение.vcxproj", "{E85E5C60-69F2-4E9D-8359-8BD17204B807}"
EndProject
Global
	GlobalSection(SolutionConfigurationPlatforms) = preSolution
		Debug|x64 = Debug|x64
		Debug|x86 = Debug|x86
		Release|x64 = Release|x64
		Release|x86 = Release|x86
	EndGlobalSection
	GlobalSection(ProjectConfigurationPlatforms) = postSolution
		{E85E5C60-69F2-4E9D-8359-8BD17204B807}.Debug|x64.ActiveCfg = Debug|x64
		{E85E5C60-69F2-4E9D-8359-8BD17204B807}.Debug|x64.Build.0 = Debug|x64
		{E85E5C60-69F2-4E9D-8359-8BD17204B807}.Debug|x86.ActiveCfg = Debug|Win32
		{E85E5C60-69F2-4E9D-8359-8BD17204B807}.Debug|x86.Build.0 = Debug|Win32
		{E85E5C60-69F2-4E9D-8359-8BD17204B807}.Release|x64.ActiveCfg = Release|x64
		{E85E5C60-69F2-4E9D-8359-8BD17204B807}.Release|x64.Build.0 = Release|x64
		{E85E5C60-69F2-4E9D-8359-8BD17204B807}.Release|x86.ActiveCfg = Release|Win32
		{E85E5C60-69F2-4E9D-8359-8BD17204B807}.Release|x86.Build.0 = Release|Win32
	EndGlobalSection
	GlobalSection(SolutionProperties) = preSolution
		HideSolutionNode = FALSE
	EndGlobalSection
	GlobalSection(ExtensibilityGlobals) = postSolution
		SolutionGuid = {579CC5FD-EDF1-44CB-BC49-DA1B85DD3787}
	EndGlobalSection
EndGlobal
