
Microsoft Visual Studio Solution File, Format Version 12.00
# Visual Studio Version 16
VisualStudioVersion = 16.0.30717.126
MinimumVisualStudioVersion = 10.0.40219.1
Project("{8BC9CEB8-8B4A-11D0-8D11-00A0C91BC942}") = "0.01 Test (Nothing Important at all)", "0.01 Test (Nothing Important at all)\0.01 Test (Nothing Important at all).vcxproj", "{DC260294-C99E-4C81-9179-16222D5D00BB}"
EndProject
Global
	GlobalSection(SolutionConfigurationPlatforms) = preSolution
		Debug|x64 = Debug|x64
		Debug|x86 = Debug|x86
		Release|x64 = Release|x64
		Release|x86 = Release|x86
	EndGlobalSection
	GlobalSection(ProjectConfigurationPlatforms) = postSolution
		{DC260294-C99E-4C81-9179-16222D5D00BB}.Debug|x64.ActiveCfg = Debug|x64
		{DC260294-C99E-4C81-9179-16222D5D00BB}.Debug|x64.Build.0 = Debug|x64
		{DC260294-C99E-4C81-9179-16222D5D00BB}.Debug|x86.ActiveCfg = Debug|Win32
		{DC260294-C99E-4C81-9179-16222D5D00BB}.Debug|x86.Build.0 = Debug|Win32
		{DC260294-C99E-4C81-9179-16222D5D00BB}.Release|x64.ActiveCfg = Release|x64
		{DC260294-C99E-4C81-9179-16222D5D00BB}.Release|x64.Build.0 = Release|x64
		{DC260294-C99E-4C81-9179-16222D5D00BB}.Release|x86.ActiveCfg = Release|Win32
		{DC260294-C99E-4C81-9179-16222D5D00BB}.Release|x86.Build.0 = Release|Win32
	EndGlobalSection
	GlobalSection(SolutionProperties) = preSolution
		HideSolutionNode = FALSE
	EndGlobalSection
	GlobalSection(ExtensibilityGlobals) = postSolution
		SolutionGuid = {F6824E21-9C92-481D-AD74-BD6355A1784E}
	EndGlobalSection
EndGlobal
