
Microsoft Visual Studio Solution File, Format Version 12.00
# Visual Studio Version 16
VisualStudioVersion = 16.0.30413.136
MinimumVisualStudioVersion = 10.0.40219.1
Project("{8BC9CEB8-8B4A-11D0-8D11-00A0C91BC942}") = "4.5 Ряд Тейлера для Sin(x)", "4.5 Ряд Тейлера для Sin(x)\4.5 Ряд Тейлера для Sin(x).vcxproj", "{7A3D53B6-9650-4D91-A193-8B4390030BCF}"
EndProject
Global
	GlobalSection(SolutionConfigurationPlatforms) = preSolution
		Debug|x64 = Debug|x64
		Debug|x86 = Debug|x86
		Release|x64 = Release|x64
		Release|x86 = Release|x86
	EndGlobalSection
	GlobalSection(ProjectConfigurationPlatforms) = postSolution
		{7A3D53B6-9650-4D91-A193-8B4390030BCF}.Debug|x64.ActiveCfg = Debug|x64
		{7A3D53B6-9650-4D91-A193-8B4390030BCF}.Debug|x64.Build.0 = Debug|x64
		{7A3D53B6-9650-4D91-A193-8B4390030BCF}.Debug|x86.ActiveCfg = Debug|Win32
		{7A3D53B6-9650-4D91-A193-8B4390030BCF}.Debug|x86.Build.0 = Debug|Win32
		{7A3D53B6-9650-4D91-A193-8B4390030BCF}.Release|x64.ActiveCfg = Release|x64
		{7A3D53B6-9650-4D91-A193-8B4390030BCF}.Release|x64.Build.0 = Release|x64
		{7A3D53B6-9650-4D91-A193-8B4390030BCF}.Release|x86.ActiveCfg = Release|Win32
		{7A3D53B6-9650-4D91-A193-8B4390030BCF}.Release|x86.Build.0 = Release|Win32
	EndGlobalSection
	GlobalSection(SolutionProperties) = preSolution
		HideSolutionNode = FALSE
	EndGlobalSection
	GlobalSection(ExtensibilityGlobals) = postSolution
		SolutionGuid = {8DF6C6B6-8CA3-4A43-88C0-9FA211428C19}
	EndGlobalSection
EndGlobal
